
Microsoft Visual Studio Solution File, Format Version 12.00
# Visual Studio Version 16
VisualStudioVersion = 16.0.31729.503
MinimumVisualStudioVersion = 10.0.40219.1
Project("{2150E333-8FDC-42A3-9474-1A3956D46DE8}") = "Services", "Services", "{A4F6A746-89BD-45A5-8105-4F3E23ED2992}"
EndProject
Project("{2150E333-8FDC-42A3-9474-1A3956D46DE8}") = "Catalog", "Catalog", "{AAF475F8-A97E-4188-901F-5BFD25633A17}"
EndProject
Project("{9A19103F-16F7-4668-BE54-9A1E7A4F7556}") = "Catalog.API", "Services\Catalog\Catalog.API\Catalog.API.csproj", "{97CB44BD-E85F-49E2-807A-034BECC24DE7}"
EndProject
Project("{E53339B2-1760-4266-BCC7-CA923CBCF16C}") = "docker-compose", "docker-compose.dcproj", "{E0586FA5-6570-45F0-BEB7-A975C9303284}"
EndProject
Project("{2150E333-8FDC-42A3-9474-1A3956D46DE8}") = "Basket", "Basket", "{C11E6F92-E130-4445-99A1-E621B4710BC2}"
EndProject
Project("{FAE04EC0-301F-11D3-BF4B-00C04F79EFBC}") = "Basket.API", "Services\Basket\Basket.API\Basket.API.csproj", "{E6D5574D-3B94-456D-915F-38833B7CE3D7}"
EndProject
Global
	GlobalSection(SolutionConfigurationPlatforms) = preSolution
		Debug|Any CPU = Debug|Any CPU
		Release|Any CPU = Release|Any CPU
	EndGlobalSection
	GlobalSection(ProjectConfigurationPlatforms) = postSolution
		{97CB44BD-E85F-49E2-807A-034BECC24DE7}.Debug|Any CPU.ActiveCfg = Debug|Any CPU
		{97CB44BD-E85F-49E2-807A-034BECC24DE7}.Debug|Any CPU.Build.0 = Debug|Any CPU
		{97CB44BD-E85F-49E2-807A-034BECC24DE7}.Release|Any CPU.ActiveCfg = Release|Any CPU
		{97CB44BD-E85F-49E2-807A-034BECC24DE7}.Release|Any CPU.Build.0 = Release|Any CPU
		{E0586FA5-6570-45F0-BEB7-A975C9303284}.Debug|Any CPU.ActiveCfg = Debug|Any CPU
		{E0586FA5-6570-45F0-BEB7-A975C9303284}.Debug|Any CPU.Build.0 = Debug|Any CPU
		{E0586FA5-6570-45F0-BEB7-A975C9303284}.Release|Any CPU.ActiveCfg = Release|Any CPU
		{E0586FA5-6570-45F0-BEB7-A975C9303284}.Release|Any CPU.Build.0 = Release|Any CPU
		{E6D5574D-3B94-456D-915F-38833B7CE3D7}.Debug|Any CPU.ActiveCfg = Debug|Any CPU
		{E6D5574D-3B94-456D-915F-38833B7CE3D7}.Debug|Any CPU.Build.0 = Debug|Any CPU
		{E6D5574D-3B94-456D-915F-38833B7CE3D7}.Release|Any CPU.ActiveCfg = Release|Any CPU
		{E6D5574D-3B94-456D-915F-38833B7CE3D7}.Release|Any CPU.Build.0 = Release|Any CPU
	EndGlobalSection
	GlobalSection(SolutionProperties) = preSolution
		HideSolutionNode = FALSE
	EndGlobalSection
	GlobalSection(NestedProjects) = preSolution
		{AAF475F8-A97E-4188-901F-5BFD25633A17} = {A4F6A746-89BD-45A5-8105-4F3E23ED2992}
		{97CB44BD-E85F-49E2-807A-034BECC24DE7} = {AAF475F8-A97E-4188-901F-5BFD25633A17}
		{C11E6F92-E130-4445-99A1-E621B4710BC2} = {A4F6A746-89BD-45A5-8105-4F3E23ED2992}
		{E6D5574D-3B94-456D-915F-38833B7CE3D7} = {C11E6F92-E130-4445-99A1-E621B4710BC2}
	EndGlobalSection
	GlobalSection(ExtensibilityGlobals) = postSolution
		SolutionGuid = {6CC29479-3B5A-451D-8EDD-A8D950EC9F3A}
	EndGlobalSection
EndGlobal
